
Microsoft Visual Studio Solution File, Format Version 12.00
# Visual Studio 15
VisualStudioVersion = 15.0.27428.1
MinimumVisualStudioVersion = 10.0.40219.1
Project("{FAE04EC0-301F-11D3-BF4B-00C04F79EFBC}") = "Week09", "Week09\Week09.csproj", "{A2375C32-3A2C-4876-91C4-4B1BEEAACBE8}"
EndProject
Global
	GlobalSection(SolutionConfigurationPlatforms) = preSolution
		Debug|Any CPU = Debug|Any CPU
		Release|Any CPU = Release|Any CPU
	EndGlobalSection
	GlobalSection(ProjectConfigurationPlatforms) = postSolution
		{A2375C32-3A2C-4876-91C4-4B1BEEAACBE8}.Debug|Any CPU.ActiveCfg = Debug|Any CPU
		{A2375C32-3A2C-4876-91C4-4B1BEEAACBE8}.Debug|Any CPU.Build.0 = Debug|Any CPU
		{A2375C32-3A2C-4876-91C4-4B1BEEAACBE8}.Release|Any CPU.ActiveCfg = Release|Any CPU
		{A2375C32-3A2C-4876-91C4-4B1BEEAACBE8}.Release|Any CPU.Build.0 = Release|Any CPU
	EndGlobalSection
	GlobalSection(SolutionProperties) = preSolution
		HideSolutionNode = FALSE
	EndGlobalSection
	GlobalSection(ExtensibilityGlobals) = postSolution
		SolutionGuid = {AB1EA0AB-6610-4676-ABE9-DAA7C63C8965}
	EndGlobalSection
EndGlobal
